
Microsoft Visual Studio Solution File, Format Version 11.00
# Visual Studio 2010
Project("{FAE04EC0-301F-11D3-BF4B-00C04F79EFBC}") = "Assembly-CSharp", "Assembly-CSharp.csproj", "{8d7c643c-429f-506f-3b8f-4572fef356ff}"
EndProject
Project("{FAE04EC0-301F-11D3-BF4B-00C04F79EFBC}") = "Assembly-CSharp-Editor", "Assembly-CSharp-Editor.csproj", "{9ab93ac1-3846-1de3-0942-dff26e31fff8}"
EndProject
Global
	GlobalSection(SolutionConfigurationPlatforms) = preSolution
		Debug|Any CPU = Debug|Any CPU
	EndGlobalSection
	GlobalSection(ProjectConfigurationPlatforms) = postSolution
		{8d7c643c-429f-506f-3b8f-4572fef356ff}.Debug|Any CPU.ActiveCfg = Debug|Any CPU
		{8d7c643c-429f-506f-3b8f-4572fef356ff}.Debug|Any CPU.Build.0 = Debug|Any CPU
		{9ab93ac1-3846-1de3-0942-dff26e31fff8}.Debug|Any CPU.ActiveCfg = Debug|Any CPU
		{9ab93ac1-3846-1de3-0942-dff26e31fff8}.Debug|Any CPU.Build.0 = Debug|Any CPU
	EndGlobalSection
	GlobalSection(SolutionProperties) = preSolution
		HideSolutionNode = FALSE
	EndGlobalSection
EndGlobal
